
Microsoft Visual Studio Solution File, Format Version 12.00
# Visual Studio 2012
Project("{FAE04EC0-301F-11D3-BF4B-00C04F79EFBC}") = "DartBaseBall", "DartBaseBall\DartBaseBall.csproj", "{E8D4AF4A-B9DF-44E8-9BA1-00DC3DEC818C}"
EndProject
Global
	GlobalSection(SolutionConfigurationPlatforms) = preSolution
		Debug|Any CPU = Debug|Any CPU
		Release|Any CPU = Release|Any CPU
	EndGlobalSection
	GlobalSection(ProjectConfigurationPlatforms) = postSolution
		{E8D4AF4A-B9DF-44E8-9BA1-00DC3DEC818C}.Debug|Any CPU.ActiveCfg = Debug|Any CPU
		{E8D4AF4A-B9DF-44E8-9BA1-00DC3DEC818C}.Debug|Any CPU.Build.0 = Debug|Any CPU
		{E8D4AF4A-B9DF-44E8-9BA1-00DC3DEC818C}.Release|Any CPU.ActiveCfg = Release|Any CPU
		{E8D4AF4A-B9DF-44E8-9BA1-00DC3DEC818C}.Release|Any CPU.Build.0 = Release|Any CPU
	EndGlobalSection
	GlobalSection(SolutionProperties) = preSolution
		HideSolutionNode = FALSE
	EndGlobalSection
EndGlobal
